<?xml version="1.0" encoding="utf-8"?>
<Project ToolsVersion="4.0" xmlns="http://schemas.microsoft.com/developer/msbuild/2003">
  <ItemGroup>
    <Filter Include="소스 파일">
      <UniqueIdentifier>{4FC737F1-C7A5-4376-A066-2A32D752A2FF}</UniqueIdentifier>
      <Extensions>cpp;c;cc;cxx;c++;cppm;ixx;def;odl;idl;hpj;bat;asm;asmx</Extensions>
    </Filter>
    <Filter Include="헤더 파일">
      <UniqueIdentifier>{93995380-89BD-4b04-88EB-625FBE52EBFB}</UniqueIdentifier>
      <Extensions>h;hh;hpp;hxx;h++;hm;inl;inc;ipp;xsd</Extensions>
    </Filter>
    <Filter Include="리소스 파일">
      <UniqueIdentifier>{67DA6AB6-F800-4c08-8B7A-83BB121AAD01}</UniqueIdentifier>
      <Extensions>rc;ico;cur;bmp;dlg;rc2;rct;bin;rgs;gif;jpg;jpeg;jpe;resx;tiff;tif;png;wav;mfcribbon-ms</Extensions>
    </Filter>
    <Filter Include="소스 파일\12_15">
      <UniqueIdentifier>{042b96aa-0f01-4536-a650-ccdd0ae2a17f}</UniqueIdentifier>
    </Filter>
    <Filter Include="소스 파일\12_15 EmplyeeSystem">
      <UniqueIdentifier>{21ff067d-d1f7-43f2-8df3-53edbd16c4bd}</UniqueIdentifier>
    </Filter>
    <Filter Include="소스 파일\12_17">
      <UniqueIdentifier>{ea1b9f91-ea72-4771-88d6-c9371bc5f19d}</UniqueIdentifier>
    </Filter>
    <Filter Include="소스 파일\Sorting">
      <UniqueIdentifier>{d63188bc-b116-461a-8851-ab77c185a651}</UniqueIdentifier>
    </Filter>
    <Filter Include="소스 파일\1_15">
      <UniqueIdentifier>{b7ff8662-cf7a-4ff4-a52e-721b0f760416}</UniqueIdentifier>
    </Filter>
  </ItemGroup>
  <ItemGroup>
    <ClCompile Include="12_08.cpp">
      <Filter>소스 파일</Filter>
    </ClCompile>
    <ClCompile Include="12_09.cpp">
      <Filter>소스 파일</Filter>
    </ClCompile>
    <ClCompile Include="Class.cpp">
      <Filter>소스 파일\12_15</Filter>
    </ClCompile>
    <ClCompile Include="UniformReset.cpp">
      <Filter>소스 파일\12_15</Filter>
    </ClCompile>
    <ClCompile Include="Employee.cpp">
      <Filter>소스 파일\12_15 EmplyeeSystem</Filter>
    </ClCompile>
    <ClCompile Include="Database.cpp">
      <Filter>소스 파일\12_15 EmplyeeSystem</Filter>
    </ClCompile>
    <ClCompile Include="Main.cpp">
      <Filter>소스 파일\12_15 EmplyeeSystem</Filter>
    </ClCompile>
    <ClCompile Include="string.cpp">
      <Filter>소스 파일\12_17</Filter>
    </ClCompile>
    <ClCompile Include="12_28.cpp">
      <Filter>소스 파일</Filter>
    </ClCompile>
    <ClCompile Include="삽입정렬.cpp">
      <Filter>소스 파일\Sorting</Filter>
    </ClCompile>
    <ClCompile Include="병합정렬.cpp">
      <Filter>소스 파일\Sorting</Filter>
    </ClCompile>
    <ClCompile Include="stlSort_1.cpp">
      <Filter>소스 파일\Sorting</Filter>
    </ClCompile>
    <ClCompile Include="stlSort_2.cpp">
      <Filter>소스 파일\Sorting</Filter>
    </ClCompile>
    <ClCompile Include="NameAlias.cpp">
      <Filter>소스 파일\1_15</Filter>
    </ClCompile>
    <ClCompile Include="DefaultValue.cpp">
      <Filter>소스 파일\1_15</Filter>
    </ClCompile>
    <ClCompile Include="NameSp.cpp">
      <Filter>소스 파일\1_15</Filter>
    </ClCompile>
    <ClCompile Include="InlineFunc.cpp">
      <Filter>소스 파일\1_15</Filter>
    </ClCompile>
    <ClCompile Include="UsingDcl1.cpp">
      <Filter>소스 파일\1_15</Filter>
    </ClCompile>
    <ClCompile Include="UsingDcl2.cpp">
      <Filter>소스 파일\1_15</Filter>
    </ClCompile>
    <ClCompile Include="BankingSystemVer01.cpp">
      <Filter>소스 파일\1_15</Filter>
    </ClCompile>
  </ItemGroup>
  <ItemGroup>
    <ClInclude Include="Employee.h">
      <Filter>소스 파일\12_15 EmplyeeSystem</Filter>
    </ClInclude>
    <ClInclude Include="Database.h">
      <Filter>소스 파일\12_15 EmplyeeSystem</Filter>
    </ClInclude>
  </ItemGroup>
</Project>